// !$*UTF8*$!
{
	archiveVersion = 1;
	classes = {
	};
	objectVersion = 56;
	objects = {

/* Begin PBXBuildFile section */
		030040D82B5BD41A00024A8A /* InputDateViewPicker+Ext.swift in Sources */ = {isa = PBXBuildFile; fileRef = 030040D72B5BD41A00024A8A /* InputDateViewPicker+Ext.swift */; };
		030040DA2B5BD4C200024A8A /* UserDetailGenderPicker+Ext.swift in Sources */ = {isa = PBXBuildFile; fileRef = 030040D92B5BD4C200024A8A /* UserDetailGenderPicker+Ext.swift */; };
		030040DC2B5BDB2400024A8A /* UsersMainViewTableView+Ext.swift in Sources */ = {isa = PBXBuildFile; fileRef = 030040DB2B5BDB2400024A8A /* UsersMainViewTableView+Ext.swift */; };
		033673A62B484CD800CC1864 /* UserDetailViewController.swift in Sources */ = {isa = PBXBuildFile; fileRef = 033673A52B484CD800CC1864 /* UserDetailViewController.swift */; };
		033673AE2B55149E00CC1864 /* Colors.swift in Sources */ = {isa = PBXBuildFile; fileRef = 033673AD2B55149E00CC1864 /* Colors.swift */; };
		0348E4B82B5C13AA00855825 /* KeyboardObservers+Ext.swift in Sources */ = {isa = PBXBuildFile; fileRef = 0348E4B72B5C13AA00855825 /* KeyboardObservers+Ext.swift */; };
		038D4A792B551C3700DD0B9D /* BottomTextFieldBorder+Ext.swift in Sources */ = {isa = PBXBuildFile; fileRef = 038D4A782B551C3700DD0B9D /* BottomTextFieldBorder+Ext.swift */; };
		03EACA952B397DB50085AEDE /* AppDelegate.swift in Sources */ = {isa = PBXBuildFile; fileRef = 03EACA942B397DB50085AEDE /* AppDelegate.swift */; };
		03EACA972B397DB50085AEDE /* SceneDelegate.swift in Sources */ = {isa = PBXBuildFile; fileRef = 03EACA962B397DB50085AEDE /* SceneDelegate.swift */; };
		03EACA992B397DB50085AEDE /* UsersMainViewController.swift in Sources */ = {isa = PBXBuildFile; fileRef = 03EACA982B397DB50085AEDE /* UsersMainViewController.swift */; };
		03EACA9F2B397DB50085AEDE /* HW_22_CoreData.xcdatamodeld in Sources */ = {isa = PBXBuildFile; fileRef = 03EACA9D2B397DB50085AEDE /* HW_22_CoreData.xcdatamodeld */; };
		03EACAA12B397DB70085AEDE /* Assets.xcassets in Resources */ = {isa = PBXBuildFile; fileRef = 03EACAA02B397DB70085AEDE /* Assets.xcassets */; };
		03EACABD2B3992A20085AEDE /* UserItem+CoreDataClass.swift in Sources */ = {isa = PBXBuildFile; fileRef = 03EACABB2B3992A20085AEDE /* UserItem+CoreDataClass.swift */; };
		03EACABE2B3992A20085AEDE /* UserItem+CoreDataProperties.swift in Sources */ = {isa = PBXBuildFile; fileRef = 03EACABC2B3992A20085AEDE /* UserItem+CoreDataProperties.swift */; };
		03EACAC22B399BC40085AEDE /* HideKeyboard+Ext.swift in Sources */ = {isa = PBXBuildFile; fileRef = 03EACAC12B399BC40085AEDE /* HideKeyboard+Ext.swift */; };
		03EACAC72B3CAEFA0085AEDE /* UsersPresenter.swift in Sources */ = {isa = PBXBuildFile; fileRef = 03EACAC62B3CAEFA0085AEDE /* UsersPresenter.swift */; };
		03EACACA2B3CAF390085AEDE /* UsersService.swift in Sources */ = {isa = PBXBuildFile; fileRef = 03EACAC92B3CAF390085AEDE /* UsersService.swift */; };
/* End PBXBuildFile section */

/* Begin PBXFileReference section */
		030040D72B5BD41A00024A8A /* InputDateViewPicker+Ext.swift */ = {isa = PBXFileReference; lastKnownFileType = sourcecode.swift; path = "InputDateViewPicker+Ext.swift"; sourceTree = "<group>"; };
		030040D92B5BD4C200024A8A /* UserDetailGenderPicker+Ext.swift */ = {isa = PBXFileReference; lastKnownFileType = sourcecode.swift; path = "UserDetailGenderPicker+Ext.swift"; sourceTree = "<group>"; };
		030040DB2B5BDB2400024A8A /* UsersMainViewTableView+Ext.swift */ = {isa = PBXFileReference; lastKnownFileType = sourcecode.swift; path = "UsersMainViewTableView+Ext.swift"; sourceTree = "<group>"; };
		033673A52B484CD800CC1864 /* UserDetailViewController.swift */ = {isa = PBXFileReference; lastKnownFileType = sourcecode.swift; path = UserDetailViewController.swift; sourceTree = "<group>"; };
		033673AD2B55149E00CC1864 /* Colors.swift */ = {isa = PBXFileReference; lastKnownFileType = sourcecode.swift; path = Colors.swift; sourceTree = "<group>"; };
		0348E4B72B5C13AA00855825 /* KeyboardObservers+Ext.swift */ = {isa = PBXFileReference; lastKnownFileType = sourcecode.swift; path = "KeyboardObservers+Ext.swift"; sourceTree = "<group>"; };
		038D4A782B551C3700DD0B9D /* BottomTextFieldBorder+Ext.swift */ = {isa = PBXFileReference; lastKnownFileType = sourcecode.swift; path = "BottomTextFieldBorder+Ext.swift"; sourceTree = "<group>"; };
		03EACA912B397DB50085AEDE /* HW-22-CoreData.app */ = {isa = PBXFileReference; explicitFileType = wrapper.application; includeInIndex = 0; path = "HW-22-CoreData.app"; sourceTree = BUILT_PRODUCTS_DIR; };
		03EACA942B397DB50085AEDE /* AppDelegate.swift */ = {isa = PBXFileReference; lastKnownFileType = sourcecode.swift; path = AppDelegate.swift; sourceTree = "<group>"; };
		03EACA962B397DB50085AEDE /* SceneDelegate.swift */ = {isa = PBXFileReference; lastKnownFileType = sourcecode.swift; path = SceneDelegate.swift; sourceTree = "<group>"; };
		03EACA982B397DB50085AEDE /* UsersMainViewController.swift */ = {isa = PBXFileReference; lastKnownFileType = sourcecode.swift; path = UsersMainViewController.swift; sourceTree = "<group>"; };
		03EACA9E2B397DB50085AEDE /* HW_22_CoreData.xcdatamodel */ = {isa = PBXFileReference; lastKnownFileType = wrapper.xcdatamodel; path = HW_22_CoreData.xcdatamodel; sourceTree = "<group>"; };
		03EACAA02B397DB70085AEDE /* Assets.xcassets */ = {isa = PBXFileReference; lastKnownFileType = folder.assetcatalog; path = Assets.xcassets; sourceTree = "<group>"; };
		03EACAA52B397DB70085AEDE /* Info.plist */ = {isa = PBXFileReference; lastKnownFileType = text.plist.xml; path = Info.plist; sourceTree = "<group>"; };
		03EACABB2B3992A20085AEDE /* UserItem+CoreDataClass.swift */ = {isa = PBXFileReference; lastKnownFileType = sourcecode.swift; path = "UserItem+CoreDataClass.swift"; sourceTree = "<group>"; };
		03EACABC2B3992A20085AEDE /* UserItem+CoreDataProperties.swift */ = {isa = PBXFileReference; lastKnownFileType = sourcecode.swift; path = "UserItem+CoreDataProperties.swift"; sourceTree = "<group>"; };
		03EACAC12B399BC40085AEDE /* HideKeyboard+Ext.swift */ = {isa = PBXFileReference; lastKnownFileType = sourcecode.swift; path = "HideKeyboard+Ext.swift"; sourceTree = "<group>"; };
		03EACAC62B3CAEFA0085AEDE /* UsersPresenter.swift */ = {isa = PBXFileReference; lastKnownFileType = sourcecode.swift; path = UsersPresenter.swift; sourceTree = "<group>"; };
		03EACAC92B3CAF390085AEDE /* UsersService.swift */ = {isa = PBXFileReference; lastKnownFileType = sourcecode.swift; path = UsersService.swift; sourceTree = "<group>"; };
/* End PBXFileReference section */

/* Begin PBXFrameworksBuildPhase section */
		03EACA8E2B397DB50085AEDE /* Frameworks */ = {
			isa = PBXFrameworksBuildPhase;
			buildActionMask = 2147483647;
			files = (
			);
			runOnlyForDeploymentPostprocessing = 0;
		};
/* End PBXFrameworksBuildPhase section */

/* Begin PBXGroup section */
		03EACA882B397DB50085AEDE = {
			isa = PBXGroup;
			children = (
				03EACA932B397DB50085AEDE /* HW-22-CoreData */,
				03EACA922B397DB50085AEDE /* Products */,
			);
			sourceTree = "<group>";
		};
		03EACA922B397DB50085AEDE /* Products */ = {
			isa = PBXGroup;
			children = (
				03EACA912B397DB50085AEDE /* HW-22-CoreData.app */,
			);
			name = Products;
			sourceTree = "<group>";
		};
		03EACA932B397DB50085AEDE /* HW-22-CoreData */ = {
			isa = PBXGroup;
			children = (
				03EACAAC2B3982210085AEDE /* Resources */,
				03EACAAB2B3982190085AEDE /* Sources */,
			);
			path = "HW-22-CoreData";
			sourceTree = "<group>";
		};
		03EACAAB2B3982190085AEDE /* Sources */ = {
			isa = PBXGroup;
			children = (
				03EACAC82B3CAF250085AEDE /* Service */,
				03EACAC52B3CAEE70085AEDE /* Presenters */,
				03EACAB12B3982B80085AEDE /* Extensions */,
				03EACAB02B3982AE0085AEDE /* Models */,
				03EACAAF2B3982A60085AEDE /* Cells */,
				03EACAAE2B39829D0085AEDE /* Views */,
				03EACAAD2B39828A0085AEDE /* App */,
			);
			path = Sources;
			sourceTree = "<group>";
		};
		03EACAAC2B3982210085AEDE /* Resources */ = {
			isa = PBXGroup;
			children = (
				03EACAA02B397DB70085AEDE /* Assets.xcassets */,
				03EACAA52B397DB70085AEDE /* Info.plist */,
				03EACA9D2B397DB50085AEDE /* HW_22_CoreData.xcdatamodeld */,
				033673AD2B55149E00CC1864 /* Colors.swift */,
			);
			path = Resources;
			sourceTree = "<group>";
		};
		03EACAAD2B39828A0085AEDE /* App */ = {
			isa = PBXGroup;
			children = (
				03EACA942B397DB50085AEDE /* AppDelegate.swift */,
				03EACA962B397DB50085AEDE /* SceneDelegate.swift */,
			);
			path = App;
			sourceTree = "<group>";
		};
		03EACAAE2B39829D0085AEDE /* Views */ = {
			isa = PBXGroup;
			children = (
				03EACA982B397DB50085AEDE /* UsersMainViewController.swift */,
				033673A52B484CD800CC1864 /* UserDetailViewController.swift */,
			);
			path = Views;
			sourceTree = "<group>";
		};
		03EACAAF2B3982A60085AEDE /* Cells */ = {
			isa = PBXGroup;
			children = (
			);
			path = Cells;
			sourceTree = "<group>";
		};
		03EACAB02B3982AE0085AEDE /* Models */ = {
			isa = PBXGroup;
			children = (
				03EACAC02B3992F00085AEDE /* UserItem */,
			);
			path = Models;
			sourceTree = "<group>";
		};
		03EACAB12B3982B80085AEDE /* Extensions */ = {
			isa = PBXGroup;
			children = (
				03EACAC12B399BC40085AEDE /* HideKeyboard+Ext.swift */,
				038D4A782B551C3700DD0B9D /* BottomTextFieldBorder+Ext.swift */,
				030040D72B5BD41A00024A8A /* InputDateViewPicker+Ext.swift */,
				030040D92B5BD4C200024A8A /* UserDetailGenderPicker+Ext.swift */,
				030040DB2B5BDB2400024A8A /* UsersMainViewTableView+Ext.swift */,
				0348E4B72B5C13AA00855825 /* KeyboardObservers+Ext.swift */,
			);
			path = Extensions;
			sourceTree = "<group>";
		};
		03EACAC02B3992F00085AEDE /* UserItem */ = {
			isa = PBXGroup;
			children = (
				03EACABB2B3992A20085AEDE /* UserItem+CoreDataClass.swift */,
				03EACABC2B3992A20085AEDE /* UserItem+CoreDataProperties.swift */,
			);
			path = UserItem;
			sourceTree = "<group>";
		};
		03EACAC52B3CAEE70085AEDE /* Presenters */ = {
			isa = PBXGroup;
			children = (
				03EACAC62B3CAEFA0085AEDE /* UsersPresenter.swift */,
			);
			path = Presenters;
			sourceTree = "<group>";
		};
		03EACAC82B3CAF250085AEDE /* Service */ = {
			isa = PBXGroup;
			children = (
				03EACAC92B3CAF390085AEDE /* UsersService.swift */,
			);
			path = Service;
			sourceTree = "<group>";
		};
/* End PBXGroup section */

/* Begin PBXNativeTarget section */
		03EACA902B397DB50085AEDE /* HW-22-CoreData */ = {
			isa = PBXNativeTarget;
			buildConfigurationList = 03EACAA82B397DB70085AEDE /* Build configuration list for PBXNativeTarget "HW-22-CoreData" */;
			buildPhases = (
				03EACA8D2B397DB50085AEDE /* Sources */,
				03EACA8E2B397DB50085AEDE /* Frameworks */,
				03EACA8F2B397DB50085AEDE /* Resources */,
			);
			buildRules = (
			);
			dependencies = (
			);
			name = "HW-22-CoreData";
			productName = "HW-22-CoreData";
			productReference = 03EACA912B397DB50085AEDE /* HW-22-CoreData.app */;
			productType = "com.apple.product-type.application";
		};
/* End PBXNativeTarget section */

/* Begin PBXProject section */
		03EACA892B397DB50085AEDE /* Project object */ = {
			isa = PBXProject;
			attributes = {
				BuildIndependentTargetsInParallel = 1;
				LastSwiftUpdateCheck = 1500;
				LastUpgradeCheck = 1500;
				TargetAttributes = {
					03EACA902B397DB50085AEDE = {
						CreatedOnToolsVersion = 15.0;
					};
				};
			};
			buildConfigurationList = 03EACA8C2B397DB50085AEDE /* Build configuration list for PBXProject "HW-22-CoreData" */;
			compatibilityVersion = "Xcode 14.0";
			developmentRegion = en;
			hasScannedForEncodings = 0;
			knownRegions = (
				en,
				Base,
			);
			mainGroup = 03EACA882B397DB50085AEDE;
			productRefGroup = 03EACA922B397DB50085AEDE /* Products */;
			projectDirPath = "";
			projectRoot = "";
			targets = (
				03EACA902B397DB50085AEDE /* HW-22-CoreData */,
			);
		};
/* End PBXProject section */

/* Begin PBXResourcesBuildPhase section */
		03EACA8F2B397DB50085AEDE /* Resources */ = {
			isa = PBXResourcesBuildPhase;
			buildActionMask = 2147483647;
			files = (
				03EACAA12B397DB70085AEDE /* Assets.xcassets in Resources */,
			);
			runOnlyForDeploymentPostprocessing = 0;
		};
/* End PBXResourcesBuildPhase section */

/* Begin PBXSourcesBuildPhase section */
		03EACA8D2B397DB50085AEDE /* Sources */ = {
			isa = PBXSourcesBuildPhase;
			buildActionMask = 2147483647;
			files = (
				030040DA2B5BD4C200024A8A /* UserDetailGenderPicker+Ext.swift in Sources */,
				03EACAC22B399BC40085AEDE /* HideKeyboard+Ext.swift in Sources */,
				03EACAC72B3CAEFA0085AEDE /* UsersPresenter.swift in Sources */,
				03EACABD2B3992A20085AEDE /* UserItem+CoreDataClass.swift in Sources */,
				03EACACA2B3CAF390085AEDE /* UsersService.swift in Sources */,
				03EACABE2B3992A20085AEDE /* UserItem+CoreDataProperties.swift in Sources */,
				03EACA992B397DB50085AEDE /* UsersMainViewController.swift in Sources */,
				033673AE2B55149E00CC1864 /* Colors.swift in Sources */,
				0348E4B82B5C13AA00855825 /* KeyboardObservers+Ext.swift in Sources */,
				033673A62B484CD800CC1864 /* UserDetailViewController.swift in Sources */,
				038D4A792B551C3700DD0B9D /* BottomTextFieldBorder+Ext.swift in Sources */,
				03EACA952B397DB50085AEDE /* AppDelegate.swift in Sources */,
				030040D82B5BD41A00024A8A /* InputDateViewPicker+Ext.swift in Sources */,
				03EACA972B397DB50085AEDE /* SceneDelegate.swift in Sources */,
				030040DC2B5BDB2400024A8A /* UsersMainViewTableView+Ext.swift in Sources */,
				03EACA9F2B397DB50085AEDE /* HW_22_CoreData.xcdatamodeld in Sources */,
			);
			runOnlyForDeploymentPostprocessing = 0;
		};
/* End PBXSourcesBuildPhase section */

/* Begin XCBuildConfiguration section */
		03EACAA62B397DB70085AEDE /* Debug */ = {
			isa = XCBuildConfiguration;
			buildSettings = {
				ALWAYS_SEARCH_USER_PATHS = NO;
				ASSETCATALOG_COMPILER_GENERATE_SWIFT_ASSET_SYMBOL_EXTENSIONS = YES;
				CLANG_ANALYZER_NONNULL = YES;
				CLANG_ANALYZER_NUMBER_OBJECT_CONVERSION = YES_AGGRESSIVE;
				CLANG_CXX_LANGUAGE_STANDARD = "gnu++20";
				CLANG_ENABLE_MODULES = YES;
				CLANG_ENABLE_OBJC_ARC = YES;
				CLANG_ENABLE_OBJC_WEAK = YES;
				CLANG_WARN_BLOCK_CAPTURE_AUTORELEASING = YES;
				CLANG_WARN_BOOL_CONVERSION = YES;
				CLANG_WARN_COMMA = YES;
				CLANG_WARN_CONSTANT_CONVERSION = YES;
				CLANG_WARN_DEPRECATED_OBJC_IMPLEMENTATIONS = YES;
				CLANG_WARN_DIRECT_OBJC_ISA_USAGE = YES_ERROR;
				CLANG_WARN_DOCUMENTATION_COMMENTS = YES;
				CLANG_WARN_EMPTY_BODY = YES;
				CLANG_WARN_ENUM_CONVERSION = YES;
				CLANG_WARN_INFINITE_RECURSION = YES;
				CLANG_WARN_INT_CONVERSION = YES;
				CLANG_WARN_NON_LITERAL_NULL_CONVERSION = YES;
				CLANG_WARN_OBJC_IMPLICIT_RETAIN_SELF = YES;
				CLANG_WARN_OBJC_LITERAL_CONVERSION = YES;
				CLANG_WARN_OBJC_ROOT_CLASS = YES_ERROR;
				CLANG_WARN_QUOTED_INCLUDE_IN_FRAMEWORK_HEADER = YES;
				CLANG_WARN_RANGE_LOOP_ANALYSIS = YES;
				CLANG_WARN_STRICT_PROTOTYPES = YES;
				CLANG_WARN_SUSPICIOUS_MOVE = YES;
				CLANG_WARN_UNGUARDED_AVAILABILITY = YES_AGGRESSIVE;
				CLANG_WARN_UNREACHABLE_CODE = YES;
				CLANG_WARN__DUPLICATE_METHOD_MATCH = YES;
				COPY_PHASE_STRIP = NO;
				DEBUG_INFORMATION_FORMAT = dwarf;
				ENABLE_STRICT_OBJC_MSGSEND = YES;
				ENABLE_TESTABILITY = YES;
				ENABLE_USER_SCRIPT_SANDBOXING = YES;
				GCC_C_LANGUAGE_STANDARD = gnu17;
				GCC_DYNAMIC_NO_PIC = NO;
				GCC_NO_COMMON_BLOCKS = YES;
				GCC_OPTIMIZATION_LEVEL = 0;
				GCC_PREPROCESSOR_DEFINITIONS = (
					"DEBUG=1",
					"$(inherited)",
				);
				GCC_WARN_64_TO_32_BIT_CONVERSION = YES;
				GCC_WARN_ABOUT_RETURN_TYPE = YES_ERROR;
				GCC_WARN_UNDECLARED_SELECTOR = YES;
				GCC_WARN_UNINITIALIZED_AUTOS = YES_AGGRESSIVE;
				GCC_WARN_UNUSED_FUNCTION = YES;
				GCC_WARN_UNUSED_VARIABLE = YES;
				IPHONEOS_DEPLOYMENT_TARGET = 17.0;
				LOCALIZATION_PREFERS_STRING_CATALOGS = YES;
				MTL_ENABLE_DEBUG_INFO = INCLUDE_SOURCE;
				MTL_FAST_MATH = YES;
				ONLY_ACTIVE_ARCH = YES;
				SDKROOT = iphoneos;
				SWIFT_ACTIVE_COMPILATION_CONDITIONS = "DEBUG $(inherited)";
				SWIFT_OPTIMIZATION_LEVEL = "-Onone";
			};
			name = Debug;
		};
		03EACAA72B397DB70085AEDE /* Release */ = {
			isa = XCBuildConfiguration;
			buildSettings = {
				ALWAYS_SEARCH_USER_PATHS = NO;
				ASSETCATALOG_COMPILER_GENERATE_SWIFT_ASSET_SYMBOL_EXTENSIONS = YES;
				CLANG_ANALYZER_NONNULL = YES;
				CLANG_ANALYZER_NUMBER_OBJECT_CONVERSION = YES_AGGRESSIVE;
				CLANG_CXX_LANGUAGE_STANDARD = "gnu++20";
				CLANG_ENABLE_MODULES = YES;
				CLANG_ENABLE_OBJC_ARC = YES;
				CLANG_ENABLE_OBJC_WEAK = YES;
				CLANG_WARN_BLOCK_CAPTURE_AUTORELEASING = YES;
				CLANG_WARN_BOOL_CONVERSION = YES;
				CLANG_WARN_COMMA = YES;
				CLANG_WARN_CONSTANT_CONVERSION = YES;
				CLANG_WARN_DEPRECATED_OBJC_IMPLEMENTATIONS = YES;
				CLANG_WARN_DIRECT_OBJC_ISA_USAGE = YES_ERROR;
				CLANG_WARN_DOCUMENTATION_COMMENTS = YES;
				CLANG_WARN_EMPTY_BODY = YES;
				CLANG_WARN_ENUM_CONVERSION = YES;
				CLANG_WARN_INFINITE_RECURSION = YES;
				CLANG_WARN_INT_CONVERSION = YES;
				CLANG_WARN_NON_LITERAL_NULL_CONVERSION = YES;
				CLANG_WARN_OBJC_IMPLICIT_RETAIN_SELF = YES;
				CLANG_WARN_OBJC_LITERAL_CONVERSION = YES;
				CLANG_WARN_OBJC_ROOT_CLASS = YES_ERROR;
				CLANG_WARN_QUOTED_INCLUDE_IN_FRAMEWORK_HEADER = YES;
				CLANG_WARN_RANGE_LOOP_ANALYSIS = YES;
				CLANG_WARN_STRICT_PROTOTYPES = YES;
				CLANG_WARN_SUSPICIOUS_MOVE = YES;
				CLANG_WARN_UNGUARDED_AVAILABILITY = YES_AGGRESSIVE;
				CLANG_WARN_UNREACHABLE_CODE = YES;
				CLANG_WARN__DUPLICATE_METHOD_MATCH = YES;
				COPY_PHASE_STRIP = NO;
				DEBUG_INFORMATION_FORMAT = "dwarf-with-dsym";
				ENABLE_NS_ASSERTIONS = NO;
				ENABLE_STRICT_OBJC_MSGSEND = YES;
				ENABLE_USER_SCRIPT_SANDBOXING = YES;
				GCC_C_LANGUAGE_STANDARD = gnu17;
				GCC_NO_COMMON_BLOCKS = YES;
				GCC_WARN_64_TO_32_BIT_CONVERSION = YES;
				GCC_WARN_ABOUT_RETURN_TYPE = YES_ERROR;
				GCC_WARN_UNDECLARED_SELECTOR = YES;
				GCC_WARN_UNINITIALIZED_AUTOS = YES_AGGRESSIVE;
				GCC_WARN_UNUSED_FUNCTION = YES;
				GCC_WARN_UNUSED_VARIABLE = YES;
				IPHONEOS_DEPLOYMENT_TARGET = 17.0;
				LOCALIZATION_PREFERS_STRING_CATALOGS = YES;
				MTL_ENABLE_DEBUG_INFO = NO;
				MTL_FAST_MATH = YES;
				SDKROOT = iphoneos;
				SWIFT_COMPILATION_MODE = wholemodule;
				VALIDATE_PRODUCT = YES;
			};
			name = Release;
		};
		03EACAA92B397DB70085AEDE /* Debug */ = {
			isa = XCBuildConfiguration;
			buildSettings = {
				ASSETCATALOG_COMPILER_APPICON_NAME = AppIcon;
				ASSETCATALOG_COMPILER_GLOBAL_ACCENT_COLOR_NAME = AccentColor;
				CODE_SIGN_STYLE = Automatic;
				CURRENT_PROJECT_VERSION = 1;
				DEVELOPMENT_TEAM = YX889WRPYL;
				GENERATE_INFOPLIST_FILE = YES;
				INFOPLIST_FILE = "HW-22-CoreData/Resources/Info.plist";
				INFOPLIST_KEY_UIApplicationSupportsIndirectInputEvents = YES;
				INFOPLIST_KEY_UILaunchStoryboardName = LaunchScreen;
				INFOPLIST_KEY_UISupportedInterfaceOrientations = UIInterfaceOrientationPortrait;
				LD_RUNPATH_SEARCH_PATHS = (
					"$(inherited)",
					"@executable_path/Frameworks",
				);
				MARKETING_VERSION = 1.0;
				PRODUCT_BUNDLE_IDENTIFIER = "com.gabrielzdravkovici.HW-22-CoreData";
				PRODUCT_NAME = "$(TARGET_NAME)";
				SWIFT_EMIT_LOC_STRINGS = YES;
				SWIFT_VERSION = 5.0;
				TARGETED_DEVICE_FAMILY = "1,2";
			};
			name = Debug;
		};
		03EACAAA2B397DB70085AEDE /* Release */ = {
			isa = XCBuildConfiguration;
			buildSettings = {
				ASSETCATALOG_COMPILER_APPICON_NAME = AppIcon;
				ASSETCATALOG_COMPILER_GLOBAL_ACCENT_COLOR_NAME = AccentColor;
				CODE_SIGN_STYLE = Automatic;
				CURRENT_PROJECT_VERSION = 1;
				DEVELOPMENT_TEAM = YX889WRPYL;
				GENERATE_INFOPLIST_FILE = YES;
				INFOPLIST_FILE = "HW-22-CoreData/Resources/Info.plist";
				INFOPLIST_KEY_UIApplicationSupportsIndirectInputEvents = YES;
				INFOPLIST_KEY_UILaunchStoryboardName = LaunchScreen;
				INFOPLIST_KEY_UISupportedInterfaceOrientations = UIInterfaceOrientationPortrait;
				LD_RUNPATH_SEARCH_PATHS = (
					"$(inherited)",
					"@executable_path/Frameworks",
				);
				MARKETING_VERSION = 1.0;
				PRODUCT_BUNDLE_IDENTIFIER = "com.gabrielzdravkovici.HW-22-CoreData";
				PRODUCT_NAME = "$(TARGET_NAME)";
				SWIFT_EMIT_LOC_STRINGS = YES;
				SWIFT_VERSION = 5.0;
				TARGETED_DEVICE_FAMILY = "1,2";
			};
			name = Release;
		};
/* End XCBuildConfiguration section */

/* Begin XCConfigurationList section */
		03EACA8C2B397DB50085AEDE /* Build configuration list for PBXProject "HW-22-CoreData" */ = {
			isa = XCConfigurationList;
			buildConfigurations = (
				03EACAA62B397DB70085AEDE /* Debug */,
				03EACAA72B397DB70085AEDE /* Release */,
			);
			defaultConfigurationIsVisible = 0;
			defaultConfigurationName = Release;
		};
		03EACAA82B397DB70085AEDE /* Build configuration list for PBXNativeTarget "HW-22-CoreData" */ = {
			isa = XCConfigurationList;
			buildConfigurations = (
				03EACAA92B397DB70085AEDE /* Debug */,
				03EACAAA2B397DB70085AEDE /* Release */,
			);
			defaultConfigurationIsVisible = 0;
			defaultConfigurationName = Release;
		};
/* End XCConfigurationList section */

/* Begin XCVersionGroup section */
		03EACA9D2B397DB50085AEDE /* HW_22_CoreData.xcdatamodeld */ = {
			isa = XCVersionGroup;
			children = (
				03EACA9E2B397DB50085AEDE /* HW_22_CoreData.xcdatamodel */,
			);
			currentVersion = 03EACA9E2B397DB50085AEDE /* HW_22_CoreData.xcdatamodel */;
			path = HW_22_CoreData.xcdatamodeld;
			sourceTree = "<group>";
			versionGroupType = wrapper.xcdatamodel;
		};
/* End XCVersionGroup section */
	};
	rootObject = 03EACA892B397DB50085AEDE /* Project object */;
}
